
Microsoft Visual Studio Solution File, Format Version 12.00
# Visual Studio Version 17
VisualStudioVersion = 17.12.35323.107
MinimumVisualStudioVersion = 10.0.40219.1
Project("{9A19103F-16F7-4668-BE54-9A1E7A4F7556}") = "Clients.Cmd", "Clients\Clients.Cmd\Clients.Cmd.csproj", "{0BA94651-8442-47CF-B105-A771EDB8821C}"
EndProject
Project("{2150E333-8FDC-42A3-9474-1A3956D46DE8}") = "Clients", "Clients", "{2A245D5E-8293-4516-88BC-D972DDEC5C04}"
EndProject
Project("{2150E333-8FDC-42A3-9474-1A3956D46DE8}") = "External", "External", "{489795D2-3B8D-4841-9CE3-C88564060831}"
EndProject
Project("{9A19103F-16F7-4668-BE54-9A1E7A4F7556}") = "External.PartnerApi.Rest", "External\PartnerApi\External.PartnerApi.Rest\External.PartnerApi.Rest.csproj", "{E8BB42B7-3C52-4074-9A95-DEA65107713F}"
EndProject
Project("{9A19103F-16F7-4668-BE54-9A1E7A4F7556}") = "External.PartnerApi.Contracts", "External\PartnerApi\External.PartnerApi.Contracts\External.PartnerApi.Contracts.csproj", "{AA84EACC-C434-418A-8262-50A2DDA5BE85}"
EndProject
Project("{9A19103F-16F7-4668-BE54-9A1E7A4F7556}") = "Modules.Ranking.Repositories.EntityFramework", "Modules\Ranking\Modules.Ranking.Repositories.EntityFramework\Modules.Ranking.Repositories.EntityFramework.csproj", "{8E11A64F-C466-4D4C-AD4F-520418DC2666}"
EndProject
Project("{2150E333-8FDC-42A3-9474-1A3956D46DE8}") = "Modules", "Modules", "{0ABF6BF5-3649-4D4D-B99E-3B2AF3D98320}"
EndProject
Project("{9A19103F-16F7-4668-BE54-9A1E7A4F7556}") = "Modules.Ranking.Repositories.Contracts", "Modules\Ranking\Modules.Ranking.Repositories.Contracts\Modules.Ranking.Repositories.Contracts.csproj", "{491D1225-2889-483B-A4DC-5370F875C0A2}"
EndProject
Project("{2150E333-8FDC-42A3-9474-1A3956D46DE8}") = "Ranking", "Ranking", "{5C8A0DDD-428C-408A-A2D9-B52DE1A86350}"
EndProject
Project("{9A19103F-16F7-4668-BE54-9A1E7A4F7556}") = "Modules.Ranking", "Modules\Ranking\Modules.Ranking\Modules.Ranking.csproj", "{995CF89B-B309-4F79-B5A1-2E3218E17C68}"
EndProject
Project("{9A19103F-16F7-4668-BE54-9A1E7A4F7556}") = "Modules.Ranking.Contracts", "Modules\Ranking\Modules.Ranking.Contracts\Modules.Ranking.Contracts.csproj", "{B67BB104-2D68-4269-9D3E-E61C85F2CE4E}"
EndProject
Project("{2150E333-8FDC-42A3-9474-1A3956D46DE8}") = "PartnerApi", "PartnerApi", "{509A196D-9D6E-4BC7-8910-946EB1ADF2D3}"
EndProject
Project("{2150E333-8FDC-42A3-9474-1A3956D46DE8}") = "Configuration", "Configuration", "{51AE942B-F432-4076-8C88-1BF3C5295F7E}"
EndProject
Project("{9A19103F-16F7-4668-BE54-9A1E7A4F7556}") = "Configuration.Common", "Configuration\Configuration.Common\Configuration.Common.csproj", "{D1D2CB33-B5B4-4663-8FA2-C8045B1472EF}"
EndProject
Project("{2150E333-8FDC-42A3-9474-1A3956D46DE8}") = "Repositories", "Repositories", "{9FAB1526-A909-4990-83DC-968F020D5798}"
EndProject
Project("{2150E333-8FDC-42A3-9474-1A3956D46DE8}") = "Tests", "Tests", "{55D3511D-D31F-4B48-94FD-5BF58BB5BB1E}"
EndProject
Project("{2150E333-8FDC-42A3-9474-1A3956D46DE8}") = "Tests", "Tests", "{824364F7-DDFE-4C17-B763-7A629A781E51}"
EndProject
Project("{FAE04EC0-301F-11D3-BF4B-00C04F79EFBC}") = "Modules.Ranking.Tests", "Modules\Ranking\Modules.Ranking.Tests\Modules.Ranking.Tests.csproj", "{A45AD56F-FA57-476E-BAE9-83BB3A07DCF9}"
EndProject
Project("{FAE04EC0-301F-11D3-BF4B-00C04F79EFBC}") = "External.PartnerApi.Tests.Builder", "External\PartnerApi\External.PartnerApi.Tests.Builder\External.PartnerApi.Tests.Builder.csproj", "{F8AEB1A3-9D24-40D1-90E1-C939161D1FC5}"
EndProject
Project("{2150E333-8FDC-42A3-9474-1A3956D46DE8}") = "Tests", "Tests", "{2AFF6178-107F-4C35-A6B4-0ACA0A417F51}"
EndProject
Project("{FAE04EC0-301F-11D3-BF4B-00C04F79EFBC}") = "Modules.Ranking.Repositories.Tests.Builder", "Modules\Ranking\Modules.Ranking.Repositories.Tests.Builder\Modules.Ranking.Repositories.Tests.Builder.csproj", "{D1C811A0-C096-42E9-929F-597A33F8396B}"
EndProject
Global
	GlobalSection(SolutionConfigurationPlatforms) = preSolution
		Debug|Any CPU = Debug|Any CPU
		Release|Any CPU = Release|Any CPU
	EndGlobalSection
	GlobalSection(ProjectConfigurationPlatforms) = postSolution
		{0BA94651-8442-47CF-B105-A771EDB8821C}.Debug|Any CPU.ActiveCfg = Debug|Any CPU
		{0BA94651-8442-47CF-B105-A771EDB8821C}.Debug|Any CPU.Build.0 = Debug|Any CPU
		{0BA94651-8442-47CF-B105-A771EDB8821C}.Release|Any CPU.ActiveCfg = Release|Any CPU
		{0BA94651-8442-47CF-B105-A771EDB8821C}.Release|Any CPU.Build.0 = Release|Any CPU
		{E8BB42B7-3C52-4074-9A95-DEA65107713F}.Debug|Any CPU.ActiveCfg = Debug|Any CPU
		{E8BB42B7-3C52-4074-9A95-DEA65107713F}.Debug|Any CPU.Build.0 = Debug|Any CPU
		{E8BB42B7-3C52-4074-9A95-DEA65107713F}.Release|Any CPU.ActiveCfg = Release|Any CPU
		{E8BB42B7-3C52-4074-9A95-DEA65107713F}.Release|Any CPU.Build.0 = Release|Any CPU
		{AA84EACC-C434-418A-8262-50A2DDA5BE85}.Debug|Any CPU.ActiveCfg = Debug|Any CPU
		{AA84EACC-C434-418A-8262-50A2DDA5BE85}.Debug|Any CPU.Build.0 = Debug|Any CPU
		{AA84EACC-C434-418A-8262-50A2DDA5BE85}.Release|Any CPU.ActiveCfg = Release|Any CPU
		{AA84EACC-C434-418A-8262-50A2DDA5BE85}.Release|Any CPU.Build.0 = Release|Any CPU
		{8E11A64F-C466-4D4C-AD4F-520418DC2666}.Debug|Any CPU.ActiveCfg = Debug|Any CPU
		{8E11A64F-C466-4D4C-AD4F-520418DC2666}.Debug|Any CPU.Build.0 = Debug|Any CPU
		{8E11A64F-C466-4D4C-AD4F-520418DC2666}.Release|Any CPU.ActiveCfg = Release|Any CPU
		{8E11A64F-C466-4D4C-AD4F-520418DC2666}.Release|Any CPU.Build.0 = Release|Any CPU
		{491D1225-2889-483B-A4DC-5370F875C0A2}.Debug|Any CPU.ActiveCfg = Debug|Any CPU
		{491D1225-2889-483B-A4DC-5370F875C0A2}.Debug|Any CPU.Build.0 = Debug|Any CPU
		{491D1225-2889-483B-A4DC-5370F875C0A2}.Release|Any CPU.ActiveCfg = Release|Any CPU
		{491D1225-2889-483B-A4DC-5370F875C0A2}.Release|Any CPU.Build.0 = Release|Any CPU
		{995CF89B-B309-4F79-B5A1-2E3218E17C68}.Debug|Any CPU.ActiveCfg = Debug|Any CPU
		{995CF89B-B309-4F79-B5A1-2E3218E17C68}.Debug|Any CPU.Build.0 = Debug|Any CPU
		{995CF89B-B309-4F79-B5A1-2E3218E17C68}.Release|Any CPU.ActiveCfg = Release|Any CPU
		{995CF89B-B309-4F79-B5A1-2E3218E17C68}.Release|Any CPU.Build.0 = Release|Any CPU
		{B67BB104-2D68-4269-9D3E-E61C85F2CE4E}.Debug|Any CPU.ActiveCfg = Debug|Any CPU
		{B67BB104-2D68-4269-9D3E-E61C85F2CE4E}.Debug|Any CPU.Build.0 = Debug|Any CPU
		{B67BB104-2D68-4269-9D3E-E61C85F2CE4E}.Release|Any CPU.ActiveCfg = Release|Any CPU
		{B67BB104-2D68-4269-9D3E-E61C85F2CE4E}.Release|Any CPU.Build.0 = Release|Any CPU
		{D1D2CB33-B5B4-4663-8FA2-C8045B1472EF}.Debug|Any CPU.ActiveCfg = Debug|Any CPU
		{D1D2CB33-B5B4-4663-8FA2-C8045B1472EF}.Debug|Any CPU.Build.0 = Debug|Any CPU
		{D1D2CB33-B5B4-4663-8FA2-C8045B1472EF}.Release|Any CPU.ActiveCfg = Release|Any CPU
		{D1D2CB33-B5B4-4663-8FA2-C8045B1472EF}.Release|Any CPU.Build.0 = Release|Any CPU
		{A45AD56F-FA57-476E-BAE9-83BB3A07DCF9}.Debug|Any CPU.ActiveCfg = Debug|Any CPU
		{A45AD56F-FA57-476E-BAE9-83BB3A07DCF9}.Debug|Any CPU.Build.0 = Debug|Any CPU
		{A45AD56F-FA57-476E-BAE9-83BB3A07DCF9}.Release|Any CPU.ActiveCfg = Release|Any CPU
		{A45AD56F-FA57-476E-BAE9-83BB3A07DCF9}.Release|Any CPU.Build.0 = Release|Any CPU
		{F8AEB1A3-9D24-40D1-90E1-C939161D1FC5}.Debug|Any CPU.ActiveCfg = Debug|Any CPU
		{F8AEB1A3-9D24-40D1-90E1-C939161D1FC5}.Debug|Any CPU.Build.0 = Debug|Any CPU
		{F8AEB1A3-9D24-40D1-90E1-C939161D1FC5}.Release|Any CPU.ActiveCfg = Release|Any CPU
		{F8AEB1A3-9D24-40D1-90E1-C939161D1FC5}.Release|Any CPU.Build.0 = Release|Any CPU
		{D1C811A0-C096-42E9-929F-597A33F8396B}.Debug|Any CPU.ActiveCfg = Debug|Any CPU
		{D1C811A0-C096-42E9-929F-597A33F8396B}.Debug|Any CPU.Build.0 = Debug|Any CPU
		{D1C811A0-C096-42E9-929F-597A33F8396B}.Release|Any CPU.ActiveCfg = Release|Any CPU
		{D1C811A0-C096-42E9-929F-597A33F8396B}.Release|Any CPU.Build.0 = Release|Any CPU
	EndGlobalSection
	GlobalSection(SolutionProperties) = preSolution
		HideSolutionNode = FALSE
	EndGlobalSection
	GlobalSection(NestedProjects) = preSolution
		{0BA94651-8442-47CF-B105-A771EDB8821C} = {2A245D5E-8293-4516-88BC-D972DDEC5C04}
		{E8BB42B7-3C52-4074-9A95-DEA65107713F} = {509A196D-9D6E-4BC7-8910-946EB1ADF2D3}
		{AA84EACC-C434-418A-8262-50A2DDA5BE85} = {509A196D-9D6E-4BC7-8910-946EB1ADF2D3}
		{8E11A64F-C466-4D4C-AD4F-520418DC2666} = {9FAB1526-A909-4990-83DC-968F020D5798}
		{491D1225-2889-483B-A4DC-5370F875C0A2} = {9FAB1526-A909-4990-83DC-968F020D5798}
		{5C8A0DDD-428C-408A-A2D9-B52DE1A86350} = {0ABF6BF5-3649-4D4D-B99E-3B2AF3D98320}
		{995CF89B-B309-4F79-B5A1-2E3218E17C68} = {5C8A0DDD-428C-408A-A2D9-B52DE1A86350}
		{B67BB104-2D68-4269-9D3E-E61C85F2CE4E} = {5C8A0DDD-428C-408A-A2D9-B52DE1A86350}
		{509A196D-9D6E-4BC7-8910-946EB1ADF2D3} = {489795D2-3B8D-4841-9CE3-C88564060831}
		{D1D2CB33-B5B4-4663-8FA2-C8045B1472EF} = {51AE942B-F432-4076-8C88-1BF3C5295F7E}
		{9FAB1526-A909-4990-83DC-968F020D5798} = {5C8A0DDD-428C-408A-A2D9-B52DE1A86350}
		{55D3511D-D31F-4B48-94FD-5BF58BB5BB1E} = {509A196D-9D6E-4BC7-8910-946EB1ADF2D3}
		{824364F7-DDFE-4C17-B763-7A629A781E51} = {5C8A0DDD-428C-408A-A2D9-B52DE1A86350}
		{A45AD56F-FA57-476E-BAE9-83BB3A07DCF9} = {824364F7-DDFE-4C17-B763-7A629A781E51}
		{F8AEB1A3-9D24-40D1-90E1-C939161D1FC5} = {55D3511D-D31F-4B48-94FD-5BF58BB5BB1E}
		{2AFF6178-107F-4C35-A6B4-0ACA0A417F51} = {9FAB1526-A909-4990-83DC-968F020D5798}
		{D1C811A0-C096-42E9-929F-597A33F8396B} = {2AFF6178-107F-4C35-A6B4-0ACA0A417F51}
	EndGlobalSection
	GlobalSection(ExtensibilityGlobals) = postSolution
		SolutionGuid = {E9CBBC30-E0AA-4638-AA4A-FC5BB1D32F8C}
	EndGlobalSection
EndGlobal
